
Microsoft Visual Studio Solution File, Format Version 12.00
# Visual Studio Version 16
VisualStudioVersion = 16.0.29806.167
MinimumVisualStudioVersion = 10.0.40219.1
Project("{FAE04EC0-301F-11D3-BF4B-00C04F79EFBC}") = "Blood_Hub_OnlineV5", "Blood_Hub_OnlineV5.csproj", "{B580BCC6-FE93-48DA-9814-F54EDBDE0DFB}"
EndProject
Global
	GlobalSection(SolutionConfigurationPlatforms) = preSolution
		Debug|Any CPU = Debug|Any CPU
		Release|Any CPU = Release|Any CPU
	EndGlobalSection
	GlobalSection(ProjectConfigurationPlatforms) = postSolution
		{B580BCC6-FE93-48DA-9814-F54EDBDE0DFB}.Debug|Any CPU.ActiveCfg = Debug|Any CPU
		{B580BCC6-FE93-48DA-9814-F54EDBDE0DFB}.Debug|Any CPU.Build.0 = Debug|Any CPU
		{B580BCC6-FE93-48DA-9814-F54EDBDE0DFB}.Release|Any CPU.ActiveCfg = Release|Any CPU
		{B580BCC6-FE93-48DA-9814-F54EDBDE0DFB}.Release|Any CPU.Build.0 = Release|Any CPU
	EndGlobalSection
	GlobalSection(SolutionProperties) = preSolution
		HideSolutionNode = FALSE
	EndGlobalSection
	GlobalSection(ExtensibilityGlobals) = postSolution
		SolutionGuid = {53F554DF-D220-4A63-8D5D-DB26AE17C9FE}
	EndGlobalSection
EndGlobal
